
Microsoft Visual Studio Solution File, Format Version 12.00
# Visual Studio 15
VisualStudioVersion = 15.0.28307.271
MinimumVisualStudioVersion = 10.0.40219.1
Project("{FAE04EC0-301F-11D3-BF4B-00C04F79EFBC}") = "TripLog.Android", "TripLog\TripLog.Android\TripLog.Android.csproj", "{BD9E0131-FE3E-418D-B0CB-53571B43C3AF}"
EndProject
Project("{FAE04EC0-301F-11D3-BF4B-00C04F79EFBC}") = "TripLog.iOS", "TripLog\TripLog.iOS\TripLog.iOS.csproj", "{F610CFF2-E43B-4F47-B54F-80C371705A3C}"
EndProject
Project("{FAE04EC0-301F-11D3-BF4B-00C04F79EFBC}") = "TripLog", "TripLog\TripLog\TripLog.csproj", "{DCFAE8E6-9E11-4E05-86FA-4DD9E253EBE4}"
EndProject
Global
	GlobalSection(SolutionConfigurationPlatforms) = preSolution
		Ad-Hoc|Any CPU = Ad-Hoc|Any CPU
		Ad-Hoc|iPhone = Ad-Hoc|iPhone
		Ad-Hoc|iPhoneSimulator = Ad-Hoc|iPhoneSimulator
		AppStore|Any CPU = AppStore|Any CPU
		AppStore|iPhone = AppStore|iPhone
		AppStore|iPhoneSimulator = AppStore|iPhoneSimulator
		Debug|Any CPU = Debug|Any CPU
		Debug|iPhone = Debug|iPhone
		Debug|iPhoneSimulator = Debug|iPhoneSimulator
		Release|Any CPU = Release|Any CPU
		Release|iPhone = Release|iPhone
		Release|iPhoneSimulator = Release|iPhoneSimulator
	EndGlobalSection
	GlobalSection(ProjectConfigurationPlatforms) = postSolution
		{BD9E0131-FE3E-418D-B0CB-53571B43C3AF}.Ad-Hoc|Any CPU.ActiveCfg = Release|Any CPU
		{BD9E0131-FE3E-418D-B0CB-53571B43C3AF}.Ad-Hoc|Any CPU.Build.0 = Release|Any CPU
		{BD9E0131-FE3E-418D-B0CB-53571B43C3AF}.Ad-Hoc|Any CPU.Deploy.0 = Release|Any CPU
		{BD9E0131-FE3E-418D-B0CB-53571B43C3AF}.Ad-Hoc|iPhone.ActiveCfg = Release|Any CPU
		{BD9E0131-FE3E-418D-B0CB-53571B43C3AF}.Ad-Hoc|iPhone.Build.0 = Release|Any CPU
		{BD9E0131-FE3E-418D-B0CB-53571B43C3AF}.Ad-Hoc|iPhone.Deploy.0 = Release|Any CPU
		{BD9E0131-FE3E-418D-B0CB-53571B43C3AF}.Ad-Hoc|iPhoneSimulator.ActiveCfg = Release|Any CPU
		{BD9E0131-FE3E-418D-B0CB-53571B43C3AF}.Ad-Hoc|iPhoneSimulator.Build.0 = Release|Any CPU
		{BD9E0131-FE3E-418D-B0CB-53571B43C3AF}.Ad-Hoc|iPhoneSimulator.Deploy.0 = Release|Any CPU
		{BD9E0131-FE3E-418D-B0CB-53571B43C3AF}.AppStore|Any CPU.ActiveCfg = Release|Any CPU
		{BD9E0131-FE3E-418D-B0CB-53571B43C3AF}.AppStore|Any CPU.Build.0 = Release|Any CPU
		{BD9E0131-FE3E-418D-B0CB-53571B43C3AF}.AppStore|Any CPU.Deploy.0 = Release|Any CPU
		{BD9E0131-FE3E-418D-B0CB-53571B43C3AF}.AppStore|iPhone.ActiveCfg = Release|Any CPU
		{BD9E0131-FE3E-418D-B0CB-53571B43C3AF}.AppStore|iPhone.Build.0 = Release|Any CPU
		{BD9E0131-FE3E-418D-B0CB-53571B43C3AF}.AppStore|iPhone.Deploy.0 = Release|Any CPU
		{BD9E0131-FE3E-418D-B0CB-53571B43C3AF}.AppStore|iPhoneSimulator.ActiveCfg = Release|Any CPU
		{BD9E0131-FE3E-418D-B0CB-53571B43C3AF}.AppStore|iPhoneSimulator.Build.0 = Release|Any CPU
		{BD9E0131-FE3E-418D-B0CB-53571B43C3AF}.AppStore|iPhoneSimulator.Deploy.0 = Release|Any CPU
		{BD9E0131-FE3E-418D-B0CB-53571B43C3AF}.Debug|Any CPU.ActiveCfg = Debug|Any CPU
		{BD9E0131-FE3E-418D-B0CB-53571B43C3AF}.Debug|Any CPU.Build.0 = Debug|Any CPU
		{BD9E0131-FE3E-418D-B0CB-53571B43C3AF}.Debug|Any CPU.Deploy.0 = Debug|Any CPU
		{BD9E0131-FE3E-418D-B0CB-53571B43C3AF}.Debug|iPhone.ActiveCfg = Debug|Any CPU
		{BD9E0131-FE3E-418D-B0CB-53571B43C3AF}.Debug|iPhone.Build.0 = Debug|Any CPU
		{BD9E0131-FE3E-418D-B0CB-53571B43C3AF}.Debug|iPhone.Deploy.0 = Debug|Any CPU
		{BD9E0131-FE3E-418D-B0CB-53571B43C3AF}.Debug|iPhoneSimulator.ActiveCfg = Debug|Any CPU
		{BD9E0131-FE3E-418D-B0CB-53571B43C3AF}.Debug|iPhoneSimulator.Build.0 = Debug|Any CPU
		{BD9E0131-FE3E-418D-B0CB-53571B43C3AF}.Debug|iPhoneSimulator.Deploy.0 = Debug|Any CPU
		{BD9E0131-FE3E-418D-B0CB-53571B43C3AF}.Release|Any CPU.ActiveCfg = Release|Any CPU
		{BD9E0131-FE3E-418D-B0CB-53571B43C3AF}.Release|Any CPU.Build.0 = Release|Any CPU
		{BD9E0131-FE3E-418D-B0CB-53571B43C3AF}.Release|Any CPU.Deploy.0 = Release|Any CPU
		{BD9E0131-FE3E-418D-B0CB-53571B43C3AF}.Release|iPhone.ActiveCfg = Release|Any CPU
		{BD9E0131-FE3E-418D-B0CB-53571B43C3AF}.Release|iPhone.Build.0 = Release|Any CPU
		{BD9E0131-FE3E-418D-B0CB-53571B43C3AF}.Release|iPhone.Deploy.0 = Release|Any CPU
		{BD9E0131-FE3E-418D-B0CB-53571B43C3AF}.Release|iPhoneSimulator.ActiveCfg = Release|Any CPU
		{BD9E0131-FE3E-418D-B0CB-53571B43C3AF}.Release|iPhoneSimulator.Build.0 = Release|Any CPU
		{BD9E0131-FE3E-418D-B0CB-53571B43C3AF}.Release|iPhoneSimulator.Deploy.0 = Release|Any CPU
		{F610CFF2-E43B-4F47-B54F-80C371705A3C}.Ad-Hoc|Any CPU.ActiveCfg = Ad-Hoc|iPhone
		{F610CFF2-E43B-4F47-B54F-80C371705A3C}.Ad-Hoc|Any CPU.Build.0 = Ad-Hoc|iPhone
		{F610CFF2-E43B-4F47-B54F-80C371705A3C}.Ad-Hoc|Any CPU.Deploy.0 = Ad-Hoc|iPhone
		{F610CFF2-E43B-4F47-B54F-80C371705A3C}.Ad-Hoc|iPhone.ActiveCfg = Ad-Hoc|iPhone
		{F610CFF2-E43B-4F47-B54F-80C371705A3C}.Ad-Hoc|iPhone.Build.0 = Ad-Hoc|iPhone
		{F610CFF2-E43B-4F47-B54F-80C371705A3C}.Ad-Hoc|iPhone.Deploy.0 = Ad-Hoc|iPhone
		{F610CFF2-E43B-4F47-B54F-80C371705A3C}.Ad-Hoc|iPhoneSimulator.ActiveCfg = Ad-Hoc|iPhoneSimulator
		{F610CFF2-E43B-4F47-B54F-80C371705A3C}.Ad-Hoc|iPhoneSimulator.Build.0 = Ad-Hoc|iPhoneSimulator
		{F610CFF2-E43B-4F47-B54F-80C371705A3C}.Ad-Hoc|iPhoneSimulator.Deploy.0 = Ad-Hoc|iPhoneSimulator
		{F610CFF2-E43B-4F47-B54F-80C371705A3C}.AppStore|Any CPU.ActiveCfg = AppStore|iPhone
		{F610CFF2-E43B-4F47-B54F-80C371705A3C}.AppStore|Any CPU.Build.0 = AppStore|iPhone
		{F610CFF2-E43B-4F47-B54F-80C371705A3C}.AppStore|Any CPU.Deploy.0 = AppStore|iPhone
		{F610CFF2-E43B-4F47-B54F-80C371705A3C}.AppStore|iPhone.ActiveCfg = AppStore|iPhone
		{F610CFF2-E43B-4F47-B54F-80C371705A3C}.AppStore|iPhone.Build.0 = AppStore|iPhone
		{F610CFF2-E43B-4F47-B54F-80C371705A3C}.AppStore|iPhone.Deploy.0 = AppStore|iPhone
		{F610CFF2-E43B-4F47-B54F-80C371705A3C}.AppStore|iPhoneSimulator.ActiveCfg = AppStore|iPhoneSimulator
		{F610CFF2-E43B-4F47-B54F-80C371705A3C}.AppStore|iPhoneSimulator.Build.0 = AppStore|iPhoneSimulator
		{F610CFF2-E43B-4F47-B54F-80C371705A3C}.AppStore|iPhoneSimulator.Deploy.0 = AppStore|iPhoneSimulator
		{F610CFF2-E43B-4F47-B54F-80C371705A3C}.Debug|Any CPU.ActiveCfg = Debug|iPhoneSimulator
		{F610CFF2-E43B-4F47-B54F-80C371705A3C}.Debug|Any CPU.Build.0 = Debug|iPhoneSimulator
		{F610CFF2-E43B-4F47-B54F-80C371705A3C}.Debug|Any CPU.Deploy.0 = Debug|iPhoneSimulator
		{F610CFF2-E43B-4F47-B54F-80C371705A3C}.Debug|iPhone.ActiveCfg = Debug|iPhone
		{F610CFF2-E43B-4F47-B54F-80C371705A3C}.Debug|iPhone.Build.0 = Debug|iPhone
		{F610CFF2-E43B-4F47-B54F-80C371705A3C}.Debug|iPhone.Deploy.0 = Debug|iPhone
		{F610CFF2-E43B-4F47-B54F-80C371705A3C}.Debug|iPhoneSimulator.ActiveCfg = Debug|iPhoneSimulator
		{F610CFF2-E43B-4F47-B54F-80C371705A3C}.Debug|iPhoneSimulator.Build.0 = Debug|iPhoneSimulator
		{F610CFF2-E43B-4F47-B54F-80C371705A3C}.Debug|iPhoneSimulator.Deploy.0 = Debug|iPhoneSimulator
		{F610CFF2-E43B-4F47-B54F-80C371705A3C}.Release|Any CPU.ActiveCfg = Release|iPhone
		{F610CFF2-E43B-4F47-B54F-80C371705A3C}.Release|Any CPU.Build.0 = Release|iPhone
		{F610CFF2-E43B-4F47-B54F-80C371705A3C}.Release|Any CPU.Deploy.0 = Release|iPhone
		{F610CFF2-E43B-4F47-B54F-80C371705A3C}.Release|iPhone.ActiveCfg = Release|iPhone
		{F610CFF2-E43B-4F47-B54F-80C371705A3C}.Release|iPhone.Build.0 = Release|iPhone
		{F610CFF2-E43B-4F47-B54F-80C371705A3C}.Release|iPhone.Deploy.0 = Release|iPhone
		{F610CFF2-E43B-4F47-B54F-80C371705A3C}.Release|iPhoneSimulator.ActiveCfg = Release|iPhoneSimulator
		{F610CFF2-E43B-4F47-B54F-80C371705A3C}.Release|iPhoneSimulator.Build.0 = Release|iPhoneSimulator
		{F610CFF2-E43B-4F47-B54F-80C371705A3C}.Release|iPhoneSimulator.Deploy.0 = Release|iPhoneSimulator
		{DCFAE8E6-9E11-4E05-86FA-4DD9E253EBE4}.Ad-Hoc|Any CPU.ActiveCfg = Debug|Any CPU
		{DCFAE8E6-9E11-4E05-86FA-4DD9E253EBE4}.Ad-Hoc|Any CPU.Build.0 = Debug|Any CPU
		{DCFAE8E6-9E11-4E05-86FA-4DD9E253EBE4}.Ad-Hoc|Any CPU.Deploy.0 = Debug|Any CPU
		{DCFAE8E6-9E11-4E05-86FA-4DD9E253EBE4}.Ad-Hoc|iPhone.ActiveCfg = Debug|Any CPU
		{DCFAE8E6-9E11-4E05-86FA-4DD9E253EBE4}.Ad-Hoc|iPhone.Build.0 = Debug|Any CPU
		{DCFAE8E6-9E11-4E05-86FA-4DD9E253EBE4}.Ad-Hoc|iPhone.Deploy.0 = Debug|Any CPU
		{DCFAE8E6-9E11-4E05-86FA-4DD9E253EBE4}.Ad-Hoc|iPhoneSimulator.ActiveCfg = Debug|Any CPU
		{DCFAE8E6-9E11-4E05-86FA-4DD9E253EBE4}.Ad-Hoc|iPhoneSimulator.Build.0 = Debug|Any CPU
		{DCFAE8E6-9E11-4E05-86FA-4DD9E253EBE4}.Ad-Hoc|iPhoneSimulator.Deploy.0 = Debug|Any CPU
		{DCFAE8E6-9E11-4E05-86FA-4DD9E253EBE4}.AppStore|Any CPU.ActiveCfg = Debug|Any CPU
		{DCFAE8E6-9E11-4E05-86FA-4DD9E253EBE4}.AppStore|Any CPU.Build.0 = Debug|Any CPU
		{DCFAE8E6-9E11-4E05-86FA-4DD9E253EBE4}.AppStore|Any CPU.Deploy.0 = Debug|Any CPU
		{DCFAE8E6-9E11-4E05-86FA-4DD9E253EBE4}.AppStore|iPhone.ActiveCfg = Debug|Any CPU
		{DCFAE8E6-9E11-4E05-86FA-4DD9E253EBE4}.AppStore|iPhone.Build.0 = Debug|Any CPU
		{DCFAE8E6-9E11-4E05-86FA-4DD9E253EBE4}.AppStore|iPhone.Deploy.0 = Debug|Any CPU
		{DCFAE8E6-9E11-4E05-86FA-4DD9E253EBE4}.AppStore|iPhoneSimulator.ActiveCfg = Debug|Any CPU
		{DCFAE8E6-9E11-4E05-86FA-4DD9E253EBE4}.AppStore|iPhoneSimulator.Build.0 = Debug|Any CPU
		{DCFAE8E6-9E11-4E05-86FA-4DD9E253EBE4}.AppStore|iPhoneSimulator.Deploy.0 = Debug|Any CPU
		{DCFAE8E6-9E11-4E05-86FA-4DD9E253EBE4}.Debug|Any CPU.ActiveCfg = Debug|Any CPU
		{DCFAE8E6-9E11-4E05-86FA-4DD9E253EBE4}.Debug|Any CPU.Build.0 = Debug|Any CPU
		{DCFAE8E6-9E11-4E05-86FA-4DD9E253EBE4}.Debug|Any CPU.Deploy.0 = Debug|Any CPU
		{DCFAE8E6-9E11-4E05-86FA-4DD9E253EBE4}.Debug|iPhone.ActiveCfg = Debug|Any CPU
		{DCFAE8E6-9E11-4E05-86FA-4DD9E253EBE4}.Debug|iPhone.Build.0 = Debug|Any CPU
		{DCFAE8E6-9E11-4E05-86FA-4DD9E253EBE4}.Debug|iPhone.Deploy.0 = Debug|Any CPU
		{DCFAE8E6-9E11-4E05-86FA-4DD9E253EBE4}.Debug|iPhoneSimulator.ActiveCfg = Debug|Any CPU
		{DCFAE8E6-9E11-4E05-86FA-4DD9E253EBE4}.Debug|iPhoneSimulator.Build.0 = Debug|Any CPU
		{DCFAE8E6-9E11-4E05-86FA-4DD9E253EBE4}.Debug|iPhoneSimulator.Deploy.0 = Debug|Any CPU
		{DCFAE8E6-9E11-4E05-86FA-4DD9E253EBE4}.Release|Any CPU.ActiveCfg = Release|Any CPU
		{DCFAE8E6-9E11-4E05-86FA-4DD9E253EBE4}.Release|Any CPU.Build.0 = Release|Any CPU
		{DCFAE8E6-9E11-4E05-86FA-4DD9E253EBE4}.Release|Any CPU.Deploy.0 = Release|Any CPU
		{DCFAE8E6-9E11-4E05-86FA-4DD9E253EBE4}.Release|iPhone.ActiveCfg = Release|Any CPU
		{DCFAE8E6-9E11-4E05-86FA-4DD9E253EBE4}.Release|iPhone.Build.0 = Release|Any CPU
		{DCFAE8E6-9E11-4E05-86FA-4DD9E253EBE4}.Release|iPhone.Deploy.0 = Release|Any CPU
		{DCFAE8E6-9E11-4E05-86FA-4DD9E253EBE4}.Release|iPhoneSimulator.ActiveCfg = Release|Any CPU
		{DCFAE8E6-9E11-4E05-86FA-4DD9E253EBE4}.Release|iPhoneSimulator.Build.0 = Release|Any CPU
		{DCFAE8E6-9E11-4E05-86FA-4DD9E253EBE4}.Release|iPhoneSimulator.Deploy.0 = Release|Any CPU
	EndGlobalSection
	GlobalSection(SolutionProperties) = preSolution
		HideSolutionNode = FALSE
	EndGlobalSection
	GlobalSection(ExtensibilityGlobals) = postSolution
		SolutionGuid = {FFC8316D-89BD-4EC7-84C4-07242248FE65}
	EndGlobalSection
EndGlobal
